
Microsoft Visual Studio Solution File, Format Version 12.00
# Visual Studio Version 17
VisualStudioVersion = 17.2.32505.173
MinimumVisualStudioVersion = 10.0.40219.1
Project("{FAE04EC0-301F-11D3-BF4B-00C04F79EFBC}") = "App", "WpfApp1\App.csproj", "{C0CD31BC-8075-4DC0-A863-A73C1C444248}"
EndProject
Project("{9A19103F-16F7-4668-BE54-9A1E7A4F7556}") = "ScannerLib", "IPv4\ScannerLib.csproj", "{C6C779E1-B2B2-48C6-9C3C-BC27D2C3ED00}"
EndProject
Project("{9A19103F-16F7-4668-BE54-9A1E7A4F7556}") = "Test", "Test\Test.csproj", "{8FC8A1FE-15FA-44D7-94B2-36C624DA7287}"
EndProject
Global
	GlobalSection(SolutionConfigurationPlatforms) = preSolution
		Debug|Any CPU = Debug|Any CPU
		Release|Any CPU = Release|Any CPU
	EndGlobalSection
	GlobalSection(ProjectConfigurationPlatforms) = postSolution
		{C0CD31BC-8075-4DC0-A863-A73C1C444248}.Debug|Any CPU.ActiveCfg = Debug|Any CPU
		{C0CD31BC-8075-4DC0-A863-A73C1C444248}.Debug|Any CPU.Build.0 = Debug|Any CPU
		{C0CD31BC-8075-4DC0-A863-A73C1C444248}.Release|Any CPU.ActiveCfg = Release|Any CPU
		{C0CD31BC-8075-4DC0-A863-A73C1C444248}.Release|Any CPU.Build.0 = Release|Any CPU
		{C6C779E1-B2B2-48C6-9C3C-BC27D2C3ED00}.Debug|Any CPU.ActiveCfg = Debug|Any CPU
		{C6C779E1-B2B2-48C6-9C3C-BC27D2C3ED00}.Debug|Any CPU.Build.0 = Debug|Any CPU
		{C6C779E1-B2B2-48C6-9C3C-BC27D2C3ED00}.Release|Any CPU.ActiveCfg = Release|Any CPU
		{C6C779E1-B2B2-48C6-9C3C-BC27D2C3ED00}.Release|Any CPU.Build.0 = Release|Any CPU
		{8FC8A1FE-15FA-44D7-94B2-36C624DA7287}.Debug|Any CPU.ActiveCfg = Debug|Any CPU
		{8FC8A1FE-15FA-44D7-94B2-36C624DA7287}.Debug|Any CPU.Build.0 = Debug|Any CPU
		{8FC8A1FE-15FA-44D7-94B2-36C624DA7287}.Release|Any CPU.ActiveCfg = Release|Any CPU
		{8FC8A1FE-15FA-44D7-94B2-36C624DA7287}.Release|Any CPU.Build.0 = Release|Any CPU
	EndGlobalSection
	GlobalSection(SolutionProperties) = preSolution
		HideSolutionNode = FALSE
	EndGlobalSection
	GlobalSection(ExtensibilityGlobals) = postSolution
		SolutionGuid = {9988FD80-4C7E-450F-ADBE-F9C27ABCFE99}
	EndGlobalSection
EndGlobal
